
Microsoft Visual Studio Solution File, Format Version 12.00
# Visual Studio Version 16
VisualStudioVersion = 16.0.29123.88
MinimumVisualStudioVersion = 10.0.40219.1
Project("{8BC9CEB8-8B4A-11D0-8D11-00A0C91BC942}") = "nn-cuda", "nn-cuda\nn-cuda.vcxproj", "{253497C2-DF43-4866-AF18-06B260FAB7DE}"
EndProject
Global
	GlobalSection(SolutionConfigurationPlatforms) = preSolution
		Debug|x64 = Debug|x64
		Release|x64 = Release|x64
	EndGlobalSection
	GlobalSection(ProjectConfigurationPlatforms) = postSolution
		{253497C2-DF43-4866-AF18-06B260FAB7DE}.Debug|x64.ActiveCfg = Debug|x64
		{253497C2-DF43-4866-AF18-06B260FAB7DE}.Debug|x64.Build.0 = Debug|x64
		{253497C2-DF43-4866-AF18-06B260FAB7DE}.Release|x64.ActiveCfg = Release|x64
		{253497C2-DF43-4866-AF18-06B260FAB7DE}.Release|x64.Build.0 = Release|x64
	EndGlobalSection
	GlobalSection(SolutionProperties) = preSolution
		HideSolutionNode = FALSE
	EndGlobalSection
	GlobalSection(ExtensibilityGlobals) = postSolution
		SolutionGuid = {E7E76DCD-0C2E-40CB-85CD-5D2F0BBF1334}
	EndGlobalSection
EndGlobal
